<?xml version="1.0" encoding="utf-8"?>
<Project ToolsVersion="4.0" xmlns="http://schemas.microsoft.com/developer/msbuild/2003">
  <ItemGroup>
    <Filter Include="ソース ファイル">
      <UniqueIdentifier>{4FC737F1-C7A5-4376-A066-2A32D752A2FF}</UniqueIdentifier>
      <Extensions>cpp;c;cc;cxx;def;odl;idl;hpj;bat;asm;asmx</Extensions>
    </Filter>
    <Filter Include="リソース ファイル">
      <UniqueIdentifier>{67DA6AB6-F800-4c08-8B7A-83BB121AAD01}</UniqueIdentifier>
      <Extensions>rc;ico;cur;bmp;dlg;rc2;rct;bin;rgs;gif;jpg;jpeg;jpe;resx;tiff;tif;png;wav;mfcribbon-ms</Extensions>
    </Filter>
    <Filter Include="ソース ファイル\bell">
      <UniqueIdentifier>{413f6fd6-b36a-497a-926f-ea9212e786fa}</UniqueIdentifier>
    </Filter>
    <Filter Include="ソース ファイル\bell\util">
      <UniqueIdentifier>{377fc6f7-a606-431b-bbbf-fe3eb26060cf}</UniqueIdentifier>
    </Filter>
    <Filter Include="ソース ファイル\bell\assertion">
      <UniqueIdentifier>{b1408c67-664d-444e-8256-e0629b3fc216}</UniqueIdentifier>
    </Filter>
    <Filter Include="ソース ファイル\bell\preprecessor">
      <UniqueIdentifier>{bc4bb83e-ab5c-4a1b-b539-cd813a2b77cd}</UniqueIdentifier>
    </Filter>
    <Filter Include="ソース ファイル\bell\hash">
      <UniqueIdentifier>{8ef67d6e-f1ba-4b95-b050-b60ca13696c5}</UniqueIdentifier>
    </Filter>
    <Filter Include="ソース ファイル\bell\format">
      <UniqueIdentifier>{ef2cec2d-48e5-48f9-823b-87e93d85a094}</UniqueIdentifier>
    </Filter>
    <Filter Include="ソース ファイル\bell\timer">
      <UniqueIdentifier>{c9c620f3-3791-4ed6-ab21-69075db8fbd8}</UniqueIdentifier>
    </Filter>
    <Filter Include="ソース ファイル\bell\exception">
      <UniqueIdentifier>{7c43fee0-d776-4e16-bd6f-231699fe6f9c}</UniqueIdentifier>
    </Filter>
    <Filter Include="ソース ファイル\bell\deflate">
      <UniqueIdentifier>{3a3068a4-5072-4774-bcd1-0c0735c79ee1}</UniqueIdentifier>
    </Filter>
    <Filter Include="ソース ファイル\bell\math">
      <UniqueIdentifier>{64b91332-3a49-4a5a-a9f9-3eaf0dbffdf0}</UniqueIdentifier>
    </Filter>
    <Filter Include="ソース ファイル\bell\logger">
      <UniqueIdentifier>{03b636fe-54ec-4bec-8157-48c4817f509d}</UniqueIdentifier>
    </Filter>
    <Filter Include="ソース ファイル\bell\encoding">
      <UniqueIdentifier>{422f4ec8-1aa8-4db0-9017-15dac8cd9dea}</UniqueIdentifier>
    </Filter>
    <Filter Include="ソース ファイル\bell\graphics">
      <UniqueIdentifier>{abfd676e-f8a4-474a-9326-9fc620b2de92}</UniqueIdentifier>
    </Filter>
  </ItemGroup>
  <ItemGroup>
    <ClCompile Include="src\Main.cpp">
      <Filter>ソース ファイル</Filter>
    </ClCompile>
    <ClCompile Include="src\bell\util\Test_ArrayRef.cpp">
      <Filter>ソース ファイル\bell\util</Filter>
    </ClCompile>
    <ClCompile Include="src\bell\assertion\Test_Assert.cpp">
      <Filter>ソース ファイル\bell\assertion</Filter>
    </ClCompile>
    <ClCompile Include="src\bell\hash\Crc32.cpp">
      <Filter>ソース ファイル\bell\hash</Filter>
    </ClCompile>
    <ClCompile Include="src\bell\hash\Test_Crc32.cpp">
      <Filter>ソース ファイル\bell\hash</Filter>
    </ClCompile>
    <ClCompile Include="src\bell\format\Test_Format.cpp">
      <Filter>ソース ファイル\bell\format</Filter>
    </ClCompile>
    <ClCompile Include="src\bell\timer\HiPerformanceTimer.cpp">
      <Filter>ソース ファイル\bell\timer</Filter>
    </ClCompile>
    <ClCompile Include="src\bell\timer\Test_Timer.cpp">
      <Filter>ソース ファイル\bell\timer</Filter>
    </ClCompile>
    <ClCompile Include="src\bell\exception\Test_ErrorInfoRecorder.cpp">
      <Filter>ソース ファイル\bell\exception</Filter>
    </ClCompile>
    <ClCompile Include="src\bell\exception\Test_Exception.cpp">
      <Filter>ソース ファイル\bell\exception</Filter>
    </ClCompile>
    <ClCompile Include="src\bell\deflate\Deflate.cpp">
      <Filter>ソース ファイル\bell\deflate</Filter>
    </ClCompile>
    <ClCompile Include="src\bell\deflate\Test_Deflate.cpp">
      <Filter>ソース ファイル\bell\deflate</Filter>
    </ClCompile>
    <ClCompile Include="src\bell\math\Test_Vector2.cpp">
      <Filter>ソース ファイル\bell\math</Filter>
    </ClCompile>
    <ClCompile Include="src\bell\math\Test_Constants.cpp">
      <Filter>ソース ファイル\bell\math</Filter>
    </ClCompile>
    <ClCompile Include="src\bell\math\Test_Matrix3x2.cpp">
      <Filter>ソース ファイル\bell\math</Filter>
    </ClCompile>
    <ClCompile Include="src\bell\encoding\Test_Encoding.cpp">
      <Filter>ソース ファイル\bell\encoding</Filter>
    </ClCompile>
    <ClCompile Include="src\bell\encoding\Encoding.cpp">
      <Filter>ソース ファイル\bell\encoding</Filter>
    </ClCompile>
    <ClCompile Include="src\bell\graphics\Test_Color.cpp">
      <Filter>ソース ファイル\bell\graphics</Filter>
    </ClCompile>
    <ClCompile Include="src\bell\util\Test_Clamp.cpp">
      <Filter>ソース ファイル\bell\util</Filter>
    </ClCompile>
    <ClCompile Include="src\bell\math\Test_Floor.cpp">
      <Filter>ソース ファイル\bell\math</Filter>
    </ClCompile>
  </ItemGroup>
  <ItemGroup>
    <ClInclude Include="src\bell\util\ArrayRef.hpp">
      <Filter>ソース ファイル\bell\util</Filter>
    </ClInclude>
    <ClInclude Include="src\bell\Assert.hpp">
      <Filter>ソース ファイル\bell</Filter>
    </ClInclude>
    <ClInclude Include="src\bell\assertion\Assert.hpp">
      <Filter>ソース ファイル\bell\assertion</Filter>
    </ClInclude>
    <ClInclude Include="src\bell\preprocessor\Stringize.hpp">
      <Filter>ソース ファイル\bell\preprecessor</Filter>
    </ClInclude>
    <ClInclude Include="src\bell\hash\Crc32.hpp">
      <Filter>ソース ファイル\bell\hash</Filter>
    </ClInclude>
    <ClInclude Include="src\bell\Alias.hpp">
      <Filter>ソース ファイル\bell</Filter>
    </ClInclude>
    <ClInclude Include="src\bell\format\Format.hpp">
      <Filter>ソース ファイル\bell\format</Filter>
    </ClInclude>
    <ClInclude Include="src\bell\Format.hpp">
      <Filter>ソース ファイル\bell</Filter>
    </ClInclude>
    <ClInclude Include="src\bell\timer\Timer.hpp">
      <Filter>ソース ファイル\bell\timer</Filter>
    </ClInclude>
    <ClInclude Include="src\bell\timer\HiPerformanceTimer.hpp">
      <Filter>ソース ファイル\bell\timer</Filter>
    </ClInclude>
    <ClInclude Include="src\bell\exception\Exception.hpp">
      <Filter>ソース ファイル\bell\exception</Filter>
    </ClInclude>
    <ClInclude Include="src\bell\Timer.hpp">
      <Filter>ソース ファイル\bell</Filter>
    </ClInclude>
    <ClInclude Include="src\bell\Exception.hpp">
      <Filter>ソース ファイル\bell</Filter>
    </ClInclude>
    <ClInclude Include="src\bell\exception\ErrorInfoRecorder.hpp">
      <Filter>ソース ファイル\bell\exception</Filter>
    </ClInclude>
    <ClInclude Include="src\bell\deflate\Deflate.hpp">
      <Filter>ソース ファイル\bell\deflate</Filter>
    </ClInclude>
    <ClInclude Include="src\bell\deflate\DeflateError.hpp">
      <Filter>ソース ファイル\bell\deflate</Filter>
    </ClInclude>
    <ClInclude Include="src\bell\math\Vector2.hpp">
      <Filter>ソース ファイル\bell\math</Filter>
    </ClInclude>
    <ClInclude Include="src\bell\Vector2.hpp">
      <Filter>ソース ファイル\bell</Filter>
    </ClInclude>
    <ClInclude Include="src\bell\math\Constants.hpp">
      <Filter>ソース ファイル\bell\math</Filter>
    </ClInclude>
    <ClInclude Include="src\bell\Matrix3x2.hpp">
      <Filter>ソース ファイル\bell</Filter>
    </ClInclude>
    <ClInclude Include="src\bell\math\Matrix3x2.hpp">
      <Filter>ソース ファイル\bell\math</Filter>
    </ClInclude>
    <ClInclude Include="src\bell\encoding\Encoding.hpp">
      <Filter>ソース ファイル\bell\encoding</Filter>
    </ClInclude>
    <ClInclude Include="src\bell\graphics\Color.hpp">
      <Filter>ソース ファイル\bell\graphics</Filter>
    </ClInclude>
    <ClInclude Include="src\bell\util\Clamp.hpp">
      <Filter>ソース ファイル\bell\util</Filter>
    </ClInclude>
    <ClInclude Include="src\bell\math\Floor.hpp">
      <Filter>ソース ファイル\bell\math</Filter>
    </ClInclude>
    <ClInclude Include="src\bell\logger\Logger.hpp">
      <Filter>ソース ファイル\bell\logger</Filter>
    </ClInclude>
  </ItemGroup>
  <ItemGroup>
    <None Include="src\bell\format\Format.inl">
      <Filter>ソース ファイル\bell\format</Filter>
    </None>
    <None Include="src\bell\timer\Timer.inl">
      <Filter>ソース ファイル\bell\timer</Filter>
    </None>
    <None Include="src\bell\graphics\Color.inl">
      <Filter>ソース ファイル\bell\graphics</Filter>
    </None>
  </ItemGroup>
</Project>